
Microsoft Visual Studio Solution File, Format Version 12.00
# Visual Studio Version 16
VisualStudioVersion = 16.0.29728.190
MinimumVisualStudioVersion = 10.0.40219.1
Project("{8BC9CEB8-8B4A-11D0-8D11-00A0C91BC942}") = "6", "6.vcxproj", "{31BE560C-D7F1-4CED-AD55-ACBA2FBF61D3}"
EndProject
Global
	GlobalSection(SolutionConfigurationPlatforms) = preSolution
		Debug|x64 = Debug|x64
		Debug|x86 = Debug|x86
		Release|x64 = Release|x64
		Release|x86 = Release|x86
	EndGlobalSection
	GlobalSection(ProjectConfigurationPlatforms) = postSolution
		{31BE560C-D7F1-4CED-AD55-ACBA2FBF61D3}.Debug|x64.ActiveCfg = Debug|x64
		{31BE560C-D7F1-4CED-AD55-ACBA2FBF61D3}.Debug|x64.Build.0 = Debug|x64
		{31BE560C-D7F1-4CED-AD55-ACBA2FBF61D3}.Debug|x86.ActiveCfg = Debug|Win32
		{31BE560C-D7F1-4CED-AD55-ACBA2FBF61D3}.Debug|x86.Build.0 = Debug|Win32
		{31BE560C-D7F1-4CED-AD55-ACBA2FBF61D3}.Release|x64.ActiveCfg = Release|x64
		{31BE560C-D7F1-4CED-AD55-ACBA2FBF61D3}.Release|x64.Build.0 = Release|x64
		{31BE560C-D7F1-4CED-AD55-ACBA2FBF61D3}.Release|x86.ActiveCfg = Release|Win32
		{31BE560C-D7F1-4CED-AD55-ACBA2FBF61D3}.Release|x86.Build.0 = Release|Win32
	EndGlobalSection
	GlobalSection(SolutionProperties) = preSolution
		HideSolutionNode = FALSE
	EndGlobalSection
	GlobalSection(ExtensibilityGlobals) = postSolution
		SolutionGuid = {F4404900-90F5-4255-BA09-BCFD0C797037}
	EndGlobalSection
EndGlobal
